
Microsoft Visual Studio Solution File, Format Version 12.00
# Visual Studio 15
VisualStudioVersion = 15.0.28307.2092
MinimumVisualStudioVersion = 10.0.40219.1
Project("{FAE04EC0-301F-11D3-BF4B-00C04F79EFBC}") = "WebCompany1", "WebCompany1\WebCompany1.csproj", "{8C406A36-6A4E-47AA-86D0-859E5A868538}"
EndProject
Global
	GlobalSection(SolutionConfigurationPlatforms) = preSolution
		Debug|Any CPU = Debug|Any CPU
		Release|Any CPU = Release|Any CPU
	EndGlobalSection
	GlobalSection(ProjectConfigurationPlatforms) = postSolution
		{8C406A36-6A4E-47AA-86D0-859E5A868538}.Debug|Any CPU.ActiveCfg = Debug|Any CPU
		{8C406A36-6A4E-47AA-86D0-859E5A868538}.Debug|Any CPU.Build.0 = Debug|Any CPU
		{8C406A36-6A4E-47AA-86D0-859E5A868538}.Release|Any CPU.ActiveCfg = Release|Any CPU
		{8C406A36-6A4E-47AA-86D0-859E5A868538}.Release|Any CPU.Build.0 = Release|Any CPU
	EndGlobalSection
	GlobalSection(SolutionProperties) = preSolution
		HideSolutionNode = FALSE
	EndGlobalSection
	GlobalSection(ExtensibilityGlobals) = postSolution
		SolutionGuid = {ED851E4F-C547-49B2-AC3F-25C8FD75E8B7}
	EndGlobalSection
EndGlobal
